[[package]]
category = "dev"
description = "A small Python module for determining appropriate platform-specific dirs, e.g. a \"user data dir\"."
name = "appdirs"
optional = false
python-versions = "*"
version = "1.4.3"

[[package]]
category = "dev"
description = "Disable App Nap on OS X 10.9"
marker = "python_version >= \"3.4\" and sys_platform == \"darwin\" or sys_platform == \"darwin\""
name = "appnope"
optional = false
python-versions = "*"
version = "0.1.0"

[[package]]
category = "dev"
description = "Classes Without Boilerplate"
name = "attrs"
optional = false
python-versions = ">=2.7, !=3.0.*, !=3.1.*, !=3.2.*, !=3.3.*"
version = "19.1.0"

[[package]]
category = "dev"
description = "Specifications for callback functions passed in to an API"
name = "backcall"
optional = false
python-versions = "*"
version = "0.1.0"

[[package]]
category = "dev"
description = "The uncompromising code formatter."
name = "black"
optional = false
python-versions = ">=3.6"
version = "19.3b0"

[package.dependencies]
appdirs = "*"
attrs = ">=18.1.0"
click = ">=6.5"
toml = ">=0.9.4"

[[package]]
category = "main"
description = "Python package for providing Mozilla's CA Bundle."
name = "certifi"
optional = false
python-versions = "*"
version = "2019.3.9"

[[package]]
category = "main"
description = "Universal encoding detector for Python 2 and 3"
name = "chardet"
optional = false
python-versions = "*"
version = "3.0.4"

[[package]]
category = "dev"
description = "Composable command line interface toolkit"
name = "click"
optional = false
python-versions = ">=2.7, !=3.0.*, !=3.1.*, !=3.2.*, !=3.3.*"
version = "7.0"

[[package]]
category = "dev"
description = "Cross-platform colored terminal text."
marker = "python_version >= \"3.4\" and sys_platform == \"win32\" or sys_platform == \"win32\""
name = "colorama"
optional = false
python-versions = ">=2.7, !=3.0.*, !=3.1.*, !=3.2.*, !=3.3.*"
version = "0.4.1"

[[package]]
category = "dev"
description = "Better living through Python with decorators"
name = "decorator"
optional = false
python-versions = ">=2.6, !=3.0.*, !=3.1.*"
version = "4.4.0"

[[package]]
category = "main"
description = "Internationalized Domain Names in Applications (IDNA)"
name = "idna"
optional = false
python-versions = ">=2.7, !=3.0.*, !=3.1.*, !=3.2.*, !=3.3.*"
version = "2.8"

[[package]]
category = "dev"
description = "IPython-enabled pdb"
name = "ipdb"
optional = false
python-versions = ">=2.7"
version = "0.12"

[package.dependencies]
setuptools = "*"

[package.dependencies.ipython]
python = ">=3.4"
version = ">=5.1.0"

[[package]]
category = "dev"
description = "IPython: Productive Interactive Computing"
name = "ipython"
optional = false
python-versions = ">=3.5"
version = "7.5.0"

[package.dependencies]
appnope = "*"
backcall = "*"
colorama = "*"
decorator = "*"
jedi = ">=0.10"
pexpect = "*"
pickleshare = "*"
prompt-toolkit = ">=2.0.0,<2.1.0"
pygments = "*"
setuptools = ">=18.5"
traitlets = ">=4.2"

[[package]]
category = "dev"
description = "Vestigial utilities from IPython"
name = "ipython-genutils"
optional = false
python-versions = "*"
version = "0.2.0"

[[package]]
category = "dev"
description = "A Python utility / library to sort Python imports."
name = "isort"
optional = false
python-versions = ">=2.7, !=3.0.*, !=3.1.*, !=3.2.*, !=3.3.*"
version = "4.3.20"

[[package]]
category = "dev"
description = "An autocompletion tool for Python that can be used for text editors."
name = "jedi"
optional = false
python-versions = ">=2.7, !=3.0.*, !=3.1.*, !=3.2.*, !=3.3.*"
version = "0.13.3"

[package.dependencies]
parso = ">=0.3.0"

[[package]]
category = "dev"
description = "A Python Parser"
name = "parso"
optional = false
python-versions = "*"
version = "0.4.0"

[[package]]
category = "dev"
description = "Pexpect allows easy control of interactive console applications."
marker = "python_version >= \"3.4\" and sys_platform != \"win32\" or sys_platform != \"win32\""
name = "pexpect"
optional = false
python-versions = "*"
version = "4.7.0"

[package.dependencies]
ptyprocess = ">=0.5"

[[package]]
category = "dev"
description = "Tiny 'shelve'-like database with concurrency support"
name = "pickleshare"
optional = false
python-versions = "*"
version = "0.7.5"

[[package]]
category = "dev"
description = "Library for building powerful interactive command lines in Python"
name = "prompt-toolkit"
optional = false
python-versions = "*"
version = "2.0.9"

[package.dependencies]
six = ">=1.9.0"
wcwidth = "*"

[[package]]
category = "dev"
description = "Run a subprocess in a pseudo terminal"
marker = "python_version >= \"3.4\" and sys_platform != \"win32\" or sys_platform != \"win32\""
name = "ptyprocess"
optional = false
python-versions = "*"
version = "0.6.0"

[[package]]
category = "dev"
description = "Pygments is a syntax highlighting package written in Python."
name = "pygments"
optional = false
python-versions = ">=2.7, !=3.0.*, !=3.1.*, !=3.2.*, !=3.3.*, !=3.4.*"
version = "2.4.1"

[[package]]
category = "main"
description = "Python HTTP for Humans."
name = "requests"
optional = false
python-versions = ">=2.7, !=3.0.*, !=3.1.*, !=3.2.*, !=3.3.*, !=3.4.*"
version = "2.22.0"

[package.dependencies]
certifi = ">=2017.4.17"
chardet = ">=3.0.2,<3.1.0"
idna = ">=2.5,<2.9"
urllib3 = ">=1.21.1,<1.25.0 || >1.25.0,<1.25.1 || >1.25.1,<1.26"

[[package]]
category = "dev"
description = "Python 2 and 3 compatibility utilities"
name = "six"
optional = false
python-versions = ">=2.6, !=3.0.*, !=3.1.*"
version = "1.12.0"

[[package]]
category = "dev"
description = "Python Library for Tom's Obvious, Minimal Language"
name = "toml"
optional = false
python-versions = "*"
version = "0.10.0"

[[package]]
category = "dev"
description = "Traitlets Python config system"
name = "traitlets"
optional = false
python-versions = "*"
version = "4.3.2"

[package.dependencies]
decorator = "*"
ipython-genutils = "*"
six = "*"

[[package]]
category = "main"
description = "HTTP library with thread-safe connection pooling, file post, and more."
name = "urllib3"
optional = false
python-versions = ">=2.7, !=3.0.*, !=3.1.*, !=3.2.*, !=3.3.*, <4"
version = "1.25.3"

[[package]]
category = "dev"
description = "Measures number of Terminal column cells of wide-character codes"
name = "wcwidth"
optional = false
python-versions = "*"
version = "0.1.7"

[metadata]
content-hash = "48cdd9613620c28c2ebd5a899215eaec12d9b9e4c558076a7d28f9cd70dead23"
python-versions = "^3.6"

[metadata.hashes]
appdirs = ["9e5896d1372858f8dd3344faf4e5014d21849c756c8d5701f78f8a103b372d92", "d8b24664561d0d34ddfaec54636d502d7cea6e29c3eaf68f3df6180863e2166e"]
appnope = ["5b26757dc6f79a3b7dc9fab95359328d5747fcb2409d331ea66d0272b90ab2a0", "8b995ffe925347a2138d7ac0fe77155e4311a0ea6d6da4f5128fe4b3cbe5ed71"]
attrs = ["69c0dbf2ed392de1cb5ec704444b08a5ef81680a61cb899dc08127123af36a79", "f0b870f674851ecbfbbbd364d6b5cbdff9dcedbc7f3f5e18a6891057f21fe399"]
backcall = ["38ecd85be2c1e78f77fd91700c76e14667dc21e2713b63876c0eb901196e01e4", "bbbf4b1e5cd2bdb08f915895b51081c041bac22394fdfcfdfbe9f14b77c08bf2"]
black = ["09a9dcb7c46ed496a9850b76e4e825d6049ecd38b611f1224857a79bd985a8cf", "68950ffd4d9169716bcb8719a56c07a2f4485354fec061cdd5910aa07369731c"]
certifi = ["59b7658e26ca9c7339e00f8f4636cdfe59d34fa37b9b04f6f9e9926b3cece1a5", "b26104d6835d1f5e49452a26eb2ff87fe7090b89dfcaee5ea2212697e1e1d7ae"]
chardet = ["84ab92ed1c4d4f16916e05906b6b75a6c0fb5db821cc65e70cbd64a3e2a5eaae", "fc323ffcaeaed0e0a02bf4d117757b98aed530d9ed4531e3e15460124c106691"]
click = ["2335065e6395b9e67ca716de5f7526736bfa6ceead690adf616d925bdc622b13", "5b94b49521f6456670fdb30cd82a4eca9412788a93fa6dd6df72c94d5a8ff2d7"]
colorama = ["05eed71e2e327246ad6b38c540c4a3117230b19679b875190486ddd2d721422d", "f8ac84de7840f5b9c4e3347b3c1eaa50f7e49c2b07596221daec5edaabbd7c48"]
decorator = ["86156361c50488b84a3f148056ea716ca587df2f0de1d34750d35c21312725de", "f069f3a01830ca754ba5258fde2278454a0b5b79e0d7f5c13b3b97e57d4acff6"]
idna = ["c357b3f628cf53ae2c4c05627ecc484553142ca23264e593d327bcde5e9c3407", "ea8b7f6188e6fa117537c3df7da9fc686d485087abf6ac197f9c46432f7e4a3c"]
ipdb = ["dce2112557edfe759742ca2d0fee35c59c97b0cc7a05398b791079d78f1519ce"]
ipython = ["54c5a8aa1eadd269ac210b96923688ccf01ebb2d0f21c18c3c717909583579a8", "e840810029224b56cd0d9e7719dc3b39cf84d577f8ac686547c8ba7a06eeab26"]
ipython-genutils = ["72dd37233799e619666c9f639a9da83c34013a73e8bbc79a7a6348d93c61fab8", "eb2e116e75ecef9d4d228fdc66af54269afa26ab4463042e33785b887c628ba8"]
isort = ["c40744b6bc5162bbb39c1257fe298b7a393861d50978b565f3ccd9cb9de0182a", "f57abacd059dc3bd666258d1efb0377510a89777fda3e3274e3c01f7c03ae22d"]
jedi = ["2bb0603e3506f708e792c7f4ad8fc2a7a9d9c2d292a358fbbd58da531695595b", "2c6bcd9545c7d6440951b12b44d373479bf18123a401a52025cf98563fbd826c"]
parso = ["17cc2d7a945eb42c3569d4564cdf49bde221bc2b552af3eca9c1aad517dcdd33", "2e9574cb12e7112a87253e14e2c380ce312060269d04bd018478a3c92ea9a376"]
pexpect = ["2094eefdfcf37a1fdbfb9aa090862c1a4878e5c7e0e7e7088bdb511c558e5cd1", "9e2c1fd0e6ee3a49b28f95d4b33bc389c89b20af6a1255906e90ff1262ce62eb"]
pickleshare = ["87683d47965c1da65cdacaf31c8441d12b8044cdec9aca500cd78fc2c683afca", "9649af414d74d4df115d5d718f82acb59c9d418196b7b4290ed47a12ce62df56"]
prompt-toolkit = ["11adf3389a996a6d45cc277580d0d53e8a5afd281d0c9ec71b28e6f121463780", "2519ad1d8038fd5fc8e770362237ad0364d16a7650fb5724af6997ed5515e3c1", "977c6583ae813a37dc1c2e1b715892461fcbdaa57f6fc62f33a528c4886c8f55"]
ptyprocess = ["923f299cc5ad920c68f2bc0bc98b75b9f838b93b599941a6b63ddbc2476394c0", "d7cc528d76e76342423ca640335bd3633420dc1366f258cb31d05e865ef5ca1f"]
pygments = ["36586500a94cd97f8c2c19d251cdb78868d1a822e0e491bfc1d811766aedb772", "b437bc0d04dc36f1f5b3592985b3e0a3d0af46b7c39199231706d19a4ee63344"]
requests = ["11e007a8a2aa0323f5a921e9e6a2d7e4e67d9877e85773fba9ba6419025cbeb4", "9cf5292fcd0f598c671cfc1e0d7d1a7f13bb8085e9a590f48c010551dc6c4b31"]
six = ["3350809f0555b11f552448330d0b52d5f24c91a322ea4a15ef22629740f3761c", "d16a0141ec1a18405cd4ce8b4613101da75da0e9a7aec5bdd4fa804d0e0eba73"]
toml = ["229f81c57791a41d65e399fc06bf0848bab550a9dfd5ed66df18ce5f05e73d5c", "235682dd292d5899d361a811df37e04a8828a5b1da3115886b73cf81ebc9100e", "f1db651f9657708513243e61e6cc67d101a39bad662eaa9b5546f789338e07a3"]
traitlets = ["9c4bd2d267b7153df9152698efb1050a5d84982d3384a37b2c1f7723ba3e7835", "c6cb5e6f57c5a9bdaa40fa71ce7b4af30298fbab9ece9815b5d995ab6217c7d9"]
urllib3 = ["b246607a25ac80bedac05c6f282e3cdaf3afb65420fd024ac94435cabe6e18d1", "dbe59173209418ae49d485b87d1681aefa36252ee85884c31346debd19463232"]
wcwidth = ["3df37372226d6e63e1b1e1eda15c594bca98a22d33a23832a90998faa96bc65e", "f4ebe71925af7b40a864553f761ed559b43544f8f71746c2d756c7fe788ade7c"]
